
Microsoft Visual Studio Solution File, Format Version 12.00
# Visual Studio 15
VisualStudioVersion = 15.0.27428.2037
MinimumVisualStudioVersion = 10.0.40219.1
Project("{9A19103F-16F7-4668-BE54-9A1E7A4F7556}") = "JudgeCore", "JudgeCore\JudgeCore.csproj", "{DCC317F4-8982-4CCA-9AC2-9E468EB4DA09}"
EndProject
Project("{9A19103F-16F7-4668-BE54-9A1E7A4F7556}") = "JudgeDaemon", "JudgeDeamon\JudgeDaemon.csproj", "{13CBFCF3-3EB5-425E-B6A1-C29366360794}"
EndProject
Project("{8BC9CEB8-8B4A-11D0-8D11-00A0C91BC942}") = "JudgeW32", "JudgeW32\JudgeW32.vcxproj", "{16CF821B-EA45-4295-BF19-A4AE8BFB9A16}"
EndProject
Project("{A0786B88-2ADB-4C21-ABE8-AA2D79766269}") = "JudgeWeb", "JudgeWeb\JudgeWeb.phpproj", "{7FC905A8-731B-4C8D-9105-223027A8EAD0}"
EndProject
Project("{9A19103F-16F7-4668-BE54-9A1E7A4F7556}") = "JudgeUtility", "JudgeUtility\JudgeUtility.csproj", "{AF230194-397C-40B7-A9A5-F9B15FB98421}"
EndProject
Project("{8BC9CEB8-8B4A-11D0-8D11-00A0C91BC942}") = "JudgeL64", "JudgeL64\JudgeL64.vcxproj", "{DA38F3EE-2E67-4E8A-9F39-D97FDA2817E5}"
EndProject
Global
	GlobalSection(SolutionConfigurationPlatforms) = preSolution
		Debug|Any CPU = Debug|Any CPU
		Debug|ARM = Debug|ARM
		Debug|x64 = Debug|x64
		Debug|x86 = Debug|x86
		Release|Any CPU = Release|Any CPU
		Release|ARM = Release|ARM
		Release|x64 = Release|x64
		Release|x86 = Release|x86
	EndGlobalSection
	GlobalSection(ProjectConfigurationPlatforms) = postSolution
		{DCC317F4-8982-4CCA-9AC2-9E468EB4DA09}.Debug|Any CPU.ActiveCfg = Debug|Any CPU
		{DCC317F4-8982-4CCA-9AC2-9E468EB4DA09}.Debug|Any CPU.Build.0 = Debug|Any CPU
		{DCC317F4-8982-4CCA-9AC2-9E468EB4DA09}.Debug|ARM.ActiveCfg = Debug|Any CPU
		{DCC317F4-8982-4CCA-9AC2-9E468EB4DA09}.Debug|ARM.Build.0 = Debug|Any CPU
		{DCC317F4-8982-4CCA-9AC2-9E468EB4DA09}.Debug|x64.ActiveCfg = Debug|Any CPU
		{DCC317F4-8982-4CCA-9AC2-9E468EB4DA09}.Debug|x64.Build.0 = Debug|Any CPU
		{DCC317F4-8982-4CCA-9AC2-9E468EB4DA09}.Debug|x86.ActiveCfg = Debug|Any CPU
		{DCC317F4-8982-4CCA-9AC2-9E468EB4DA09}.Debug|x86.Build.0 = Debug|Any CPU
		{DCC317F4-8982-4CCA-9AC2-9E468EB4DA09}.Release|Any CPU.ActiveCfg = Release|Any CPU
		{DCC317F4-8982-4CCA-9AC2-9E468EB4DA09}.Release|Any CPU.Build.0 = Release|Any CPU
		{DCC317F4-8982-4CCA-9AC2-9E468EB4DA09}.Release|ARM.ActiveCfg = Release|Any CPU
		{DCC317F4-8982-4CCA-9AC2-9E468EB4DA09}.Release|ARM.Build.0 = Release|Any CPU
		{DCC317F4-8982-4CCA-9AC2-9E468EB4DA09}.Release|x64.ActiveCfg = Release|Any CPU
		{DCC317F4-8982-4CCA-9AC2-9E468EB4DA09}.Release|x64.Build.0 = Release|Any CPU
		{DCC317F4-8982-4CCA-9AC2-9E468EB4DA09}.Release|x86.ActiveCfg = Release|Any CPU
		{DCC317F4-8982-4CCA-9AC2-9E468EB4DA09}.Release|x86.Build.0 = Release|Any CPU
		{13CBFCF3-3EB5-425E-B6A1-C29366360794}.Debug|Any CPU.ActiveCfg = Debug|Any CPU
		{13CBFCF3-3EB5-425E-B6A1-C29366360794}.Debug|Any CPU.Build.0 = Debug|Any CPU
		{13CBFCF3-3EB5-425E-B6A1-C29366360794}.Debug|ARM.ActiveCfg = Debug|Any CPU
		{13CBFCF3-3EB5-425E-B6A1-C29366360794}.Debug|ARM.Build.0 = Debug|Any CPU
		{13CBFCF3-3EB5-425E-B6A1-C29366360794}.Debug|x64.ActiveCfg = Debug|Any CPU
		{13CBFCF3-3EB5-425E-B6A1-C29366360794}.Debug|x64.Build.0 = Debug|Any CPU
		{13CBFCF3-3EB5-425E-B6A1-C29366360794}.Debug|x86.ActiveCfg = Debug|Any CPU
		{13CBFCF3-3EB5-425E-B6A1-C29366360794}.Debug|x86.Build.0 = Debug|Any CPU
		{13CBFCF3-3EB5-425E-B6A1-C29366360794}.Release|Any CPU.ActiveCfg = Release|Any CPU
		{13CBFCF3-3EB5-425E-B6A1-C29366360794}.Release|Any CPU.Build.0 = Release|Any CPU
		{13CBFCF3-3EB5-425E-B6A1-C29366360794}.Release|ARM.ActiveCfg = Release|Any CPU
		{13CBFCF3-3EB5-425E-B6A1-C29366360794}.Release|ARM.Build.0 = Release|Any CPU
		{13CBFCF3-3EB5-425E-B6A1-C29366360794}.Release|x64.ActiveCfg = Release|Any CPU
		{13CBFCF3-3EB5-425E-B6A1-C29366360794}.Release|x64.Build.0 = Release|Any CPU
		{13CBFCF3-3EB5-425E-B6A1-C29366360794}.Release|x86.ActiveCfg = Release|Any CPU
		{13CBFCF3-3EB5-425E-B6A1-C29366360794}.Release|x86.Build.0 = Release|Any CPU
		{16CF821B-EA45-4295-BF19-A4AE8BFB9A16}.Debug|Any CPU.ActiveCfg = Debug|x64
		{16CF821B-EA45-4295-BF19-A4AE8BFB9A16}.Debug|Any CPU.Build.0 = Debug|x64
		{16CF821B-EA45-4295-BF19-A4AE8BFB9A16}.Debug|ARM.ActiveCfg = Debug|Win32
		{16CF821B-EA45-4295-BF19-A4AE8BFB9A16}.Debug|x64.ActiveCfg = Debug|x64
		{16CF821B-EA45-4295-BF19-A4AE8BFB9A16}.Debug|x64.Build.0 = Debug|x64
		{16CF821B-EA45-4295-BF19-A4AE8BFB9A16}.Debug|x86.ActiveCfg = Debug|Win32
		{16CF821B-EA45-4295-BF19-A4AE8BFB9A16}.Debug|x86.Build.0 = Debug|Win32
		{16CF821B-EA45-4295-BF19-A4AE8BFB9A16}.Release|Any CPU.ActiveCfg = Release|Win32
		{16CF821B-EA45-4295-BF19-A4AE8BFB9A16}.Release|ARM.ActiveCfg = Release|Win32
		{16CF821B-EA45-4295-BF19-A4AE8BFB9A16}.Release|x64.ActiveCfg = Release|x64
		{16CF821B-EA45-4295-BF19-A4AE8BFB9A16}.Release|x64.Build.0 = Release|x64
		{16CF821B-EA45-4295-BF19-A4AE8BFB9A16}.Release|x86.ActiveCfg = Release|Win32
		{16CF821B-EA45-4295-BF19-A4AE8BFB9A16}.Release|x86.Build.0 = Release|Win32
		{7FC905A8-731B-4C8D-9105-223027A8EAD0}.Debug|Any CPU.ActiveCfg = Debug|Any CPU
		{7FC905A8-731B-4C8D-9105-223027A8EAD0}.Debug|ARM.ActiveCfg = Debug|Any CPU
		{7FC905A8-731B-4C8D-9105-223027A8EAD0}.Debug|x64.ActiveCfg = Debug|Any CPU
		{7FC905A8-731B-4C8D-9105-223027A8EAD0}.Debug|x86.ActiveCfg = Debug|Any CPU
		{7FC905A8-731B-4C8D-9105-223027A8EAD0}.Release|Any CPU.ActiveCfg = Release|Any CPU
		{7FC905A8-731B-4C8D-9105-223027A8EAD0}.Release|ARM.ActiveCfg = Release|Any CPU
		{7FC905A8-731B-4C8D-9105-223027A8EAD0}.Release|x64.ActiveCfg = Release|Any CPU
		{7FC905A8-731B-4C8D-9105-223027A8EAD0}.Release|x86.ActiveCfg = Release|Any CPU
		{AF230194-397C-40B7-A9A5-F9B15FB98421}.Debug|Any CPU.ActiveCfg = Debug|Any CPU
		{AF230194-397C-40B7-A9A5-F9B15FB98421}.Debug|Any CPU.Build.0 = Debug|Any CPU
		{AF230194-397C-40B7-A9A5-F9B15FB98421}.Debug|ARM.ActiveCfg = Debug|Any CPU
		{AF230194-397C-40B7-A9A5-F9B15FB98421}.Debug|ARM.Build.0 = Debug|Any CPU
		{AF230194-397C-40B7-A9A5-F9B15FB98421}.Debug|x64.ActiveCfg = Debug|Any CPU
		{AF230194-397C-40B7-A9A5-F9B15FB98421}.Debug|x64.Build.0 = Debug|Any CPU
		{AF230194-397C-40B7-A9A5-F9B15FB98421}.Debug|x86.ActiveCfg = Debug|Any CPU
		{AF230194-397C-40B7-A9A5-F9B15FB98421}.Debug|x86.Build.0 = Debug|Any CPU
		{AF230194-397C-40B7-A9A5-F9B15FB98421}.Release|Any CPU.ActiveCfg = Release|Any CPU
		{AF230194-397C-40B7-A9A5-F9B15FB98421}.Release|Any CPU.Build.0 = Release|Any CPU
		{AF230194-397C-40B7-A9A5-F9B15FB98421}.Release|ARM.ActiveCfg = Release|Any CPU
		{AF230194-397C-40B7-A9A5-F9B15FB98421}.Release|ARM.Build.0 = Release|Any CPU
		{AF230194-397C-40B7-A9A5-F9B15FB98421}.Release|x64.ActiveCfg = Release|Any CPU
		{AF230194-397C-40B7-A9A5-F9B15FB98421}.Release|x64.Build.0 = Release|Any CPU
		{AF230194-397C-40B7-A9A5-F9B15FB98421}.Release|x86.ActiveCfg = Release|Any CPU
		{AF230194-397C-40B7-A9A5-F9B15FB98421}.Release|x86.Build.0 = Release|Any CPU
		{DA38F3EE-2E67-4E8A-9F39-D97FDA2817E5}.Debug|Any CPU.ActiveCfg = Debug|x86
		{DA38F3EE-2E67-4E8A-9F39-D97FDA2817E5}.Debug|ARM.ActiveCfg = Debug|ARM
		{DA38F3EE-2E67-4E8A-9F39-D97FDA2817E5}.Debug|ARM.Build.0 = Debug|ARM
		{DA38F3EE-2E67-4E8A-9F39-D97FDA2817E5}.Debug|x64.ActiveCfg = Debug|x64
		{DA38F3EE-2E67-4E8A-9F39-D97FDA2817E5}.Debug|x64.Build.0 = Debug|x64
		{DA38F3EE-2E67-4E8A-9F39-D97FDA2817E5}.Debug|x86.ActiveCfg = Debug|x86
		{DA38F3EE-2E67-4E8A-9F39-D97FDA2817E5}.Debug|x86.Build.0 = Debug|x86
		{DA38F3EE-2E67-4E8A-9F39-D97FDA2817E5}.Release|Any CPU.ActiveCfg = Release|x86
		{DA38F3EE-2E67-4E8A-9F39-D97FDA2817E5}.Release|ARM.ActiveCfg = Release|ARM
		{DA38F3EE-2E67-4E8A-9F39-D97FDA2817E5}.Release|ARM.Build.0 = Release|ARM
		{DA38F3EE-2E67-4E8A-9F39-D97FDA2817E5}.Release|x64.ActiveCfg = Release|x64
		{DA38F3EE-2E67-4E8A-9F39-D97FDA2817E5}.Release|x64.Build.0 = Release|x64
		{DA38F3EE-2E67-4E8A-9F39-D97FDA2817E5}.Release|x86.ActiveCfg = Release|x86
		{DA38F3EE-2E67-4E8A-9F39-D97FDA2817E5}.Release|x86.Build.0 = Release|x86
	EndGlobalSection
	GlobalSection(SolutionProperties) = preSolution
		HideSolutionNode = FALSE
	EndGlobalSection
	GlobalSection(ExtensibilityGlobals) = postSolution
		SolutionGuid = {78CC664E-8B71-42AA-BA41-E9F258BCA8C6}
	EndGlobalSection
EndGlobal
