
Microsoft Visual Studio Solution File, Format Version 12.00
# Visual Studio 15
VisualStudioVersion = 15.0.27428.2037
MinimumVisualStudioVersion = 10.0.40219.1
Project("{FAE04EC0-301F-11D3-BF4B-00C04F79EFBC}") = "JudgeCore", "JudgeCore\JudgeCore.csproj", "{DCC317F4-8982-4CCA-9AC2-9E468EB4DA09}"
EndProject
Project("{FAE04EC0-301F-11D3-BF4B-00C04F79EFBC}") = "JudgeTest", "JudgeTest\JudgeTest.csproj", "{92FC80B2-2AA6-4F51-8EF7-4C575177E44A}"
EndProject
Global
	GlobalSection(SolutionConfigurationPlatforms) = preSolution
		Debug|Any CPU = Debug|Any CPU
		Release|Any CPU = Release|Any CPU
	EndGlobalSection
	GlobalSection(ProjectConfigurationPlatforms) = postSolution
		{DCC317F4-8982-4CCA-9AC2-9E468EB4DA09}.Debug|Any CPU.ActiveCfg = Debug|Any CPU
		{DCC317F4-8982-4CCA-9AC2-9E468EB4DA09}.Debug|Any CPU.Build.0 = Debug|Any CPU
		{DCC317F4-8982-4CCA-9AC2-9E468EB4DA09}.Release|Any CPU.ActiveCfg = Release|Any CPU
		{DCC317F4-8982-4CCA-9AC2-9E468EB4DA09}.Release|Any CPU.Build.0 = Release|Any CPU
		{92FC80B2-2AA6-4F51-8EF7-4C575177E44A}.Debug|Any CPU.ActiveCfg = Debug|Any CPU
		{92FC80B2-2AA6-4F51-8EF7-4C575177E44A}.Debug|Any CPU.Build.0 = Debug|Any CPU
		{92FC80B2-2AA6-4F51-8EF7-4C575177E44A}.Release|Any CPU.ActiveCfg = Release|Any CPU
		{92FC80B2-2AA6-4F51-8EF7-4C575177E44A}.Release|Any CPU.Build.0 = Release|Any CPU
	EndGlobalSection
	GlobalSection(SolutionProperties) = preSolution
		HideSolutionNode = FALSE
	EndGlobalSection
	GlobalSection(ExtensibilityGlobals) = postSolution
		SolutionGuid = {78CC664E-8B71-42AA-BA41-E9F258BCA8C6}
	EndGlobalSection
EndGlobal
